// !$*UTF8*$!
{
	archiveVersion = 1;
	classes = {
	};
	objectVersion = 56;
	objects = {

/* Begin PBXBuildFile section */
		B00782A12A27D11F0037246D /* AppLocale.swift in Sources */ = {isa = PBXBuildFile; fileRef = B00782A02A27D11F0037246D /* AppLocale.swift */; };
		B05822A42A2F449300C9F7B1 /* Lottie in Frameworks */ = {isa = PBXBuildFile; productRef = B05822A32A2F449300C9F7B1 /* Lottie */; };
		B05822B82A2F45BD00C9F7B1 /* 35631-weather-day-scattered-clouds.json in Resources */ = {isa = PBXBuildFile; fileRef = B05822A62A2F45BD00C9F7B1 /* 35631-weather-day-scattered-clouds.json */; };
		B05822B92A2F45BD00C9F7B1 /* 35743-weather-day-snow.json in Resources */ = {isa = PBXBuildFile; fileRef = B05822A72A2F45BD00C9F7B1 /* 35743-weather-day-snow.json */; };
		B05822BA2A2F45BD00C9F7B1 /* 35733-weather-day-thunderstorm.json in Resources */ = {isa = PBXBuildFile; fileRef = B05822A82A2F45BD00C9F7B1 /* 35733-weather-day-thunderstorm.json */; };
		B05822BB2A2F45BD00C9F7B1 /* 35755-weather-night-thunderstorm.json in Resources */ = {isa = PBXBuildFile; fileRef = B05822A92A2F45BD00C9F7B1 /* 35755-weather-night-thunderstorm.json */; };
		B05822BC2A2F45BD00C9F7B1 /* 35772-weather-night-rain.json in Resources */ = {isa = PBXBuildFile; fileRef = B05822AA2A2F45BD00C9F7B1 /* 35772-weather-night-rain.json */; };
		B05822BD2A2F45BD00C9F7B1 /* 35779-weather-night-few-clouds.json in Resources */ = {isa = PBXBuildFile; fileRef = B05822AB2A2F45BD00C9F7B1 /* 35779-weather-night-few-clouds.json */; };
		B05822BE2A2F45BD00C9F7B1 /* 35781-weather-night-clear-sky.json in Resources */ = {isa = PBXBuildFile; fileRef = B05822AC2A2F45BD00C9F7B1 /* 35781-weather-night-clear-sky.json */; };
		B05822BF2A2F45BD00C9F7B1 /* 35690-weather-day-broken-clouds.json in Resources */ = {isa = PBXBuildFile; fileRef = B05822AD2A2F45BD00C9F7B1 /* 35690-weather-day-broken-clouds.json */; };
		B05822C02A2F45BD00C9F7B1 /* 35752-weather-night-snow.json in Resources */ = {isa = PBXBuildFile; fileRef = B05822AE2A2F45BD00C9F7B1 /* 35752-weather-night-snow.json */; };
		B05822C12A2F45BD00C9F7B1 /* 35775-weather-night-broken-clouds.json in Resources */ = {isa = PBXBuildFile; fileRef = B05822AF2A2F45BD00C9F7B1 /* 35775-weather-night-broken-clouds.json */; };
		B05822C22A2F45BD00C9F7B1 /* 35750-weather-night-mist.json in Resources */ = {isa = PBXBuildFile; fileRef = B05822B02A2F45BD00C9F7B1 /* 35750-weather-night-mist.json */; };
		B05822C32A2F45BD00C9F7B1 /* 35630-weather-day-few-clouds.json in Resources */ = {isa = PBXBuildFile; fileRef = B05822B12A2F45BD00C9F7B1 /* 35630-weather-day-few-clouds.json */; };
		B05822C42A2F45BD00C9F7B1 /* 35724-weather-day-rain.json in Resources */ = {isa = PBXBuildFile; fileRef = B05822B22A2F45BD00C9F7B1 /* 35724-weather-day-rain.json */; };
		B05822C52A2F45BD00C9F7B1 /* 35774-weather-night-shower-rains.json in Resources */ = {isa = PBXBuildFile; fileRef = B05822B32A2F45BD00C9F7B1 /* 35774-weather-night-shower-rains.json */; };
		B05822C62A2F45BD00C9F7B1 /* 35749-weather-day-mist.json in Resources */ = {isa = PBXBuildFile; fileRef = B05822B42A2F45BD00C9F7B1 /* 35749-weather-day-mist.json */; };
		B05822C72A2F45BD00C9F7B1 /* 35707-weather-day-shower-rains.json in Resources */ = {isa = PBXBuildFile; fileRef = B05822B52A2F45BD00C9F7B1 /* 35707-weather-day-shower-rains.json */; };
		B05822C82A2F45BD00C9F7B1 /* 35627-weather-day-clear-sky.json in Resources */ = {isa = PBXBuildFile; fileRef = B05822B62A2F45BD00C9F7B1 /* 35627-weather-day-clear-sky.json */; };
		B05822C92A2F45BD00C9F7B1 /* 35778-weather-night-scattered-clouds.json in Resources */ = {isa = PBXBuildFile; fileRef = B05822B72A2F45BD00C9F7B1 /* 35778-weather-night-scattered-clouds.json */; };
		B076B3572A27AD7D00FAB35C /* SwiftUIClimaApp.swift in Sources */ = {isa = PBXBuildFile; fileRef = B076B3562A27AD7D00FAB35C /* SwiftUIClimaApp.swift */; };
		B076B3592A27AD7D00FAB35C /* ContentView.swift in Sources */ = {isa = PBXBuildFile; fileRef = B076B3582A27AD7D00FAB35C /* ContentView.swift */; };
		B076B35B2A27AD7E00FAB35C /* Assets.xcassets in Resources */ = {isa = PBXBuildFile; fileRef = B076B35A2A27AD7E00FAB35C /* Assets.xcassets */; };
		B076B35E2A27AD7E00FAB35C /* Preview Assets.xcassets in Resources */ = {isa = PBXBuildFile; fileRef = B076B35D2A27AD7E00FAB35C /* Preview Assets.xcassets */; };
		B0B0A9112A32115C00D72775 /* LocationManager.swift in Sources */ = {isa = PBXBuildFile; fileRef = B0B0A9102A32115C00D72775 /* LocationManager.swift */; };
		B0B0A9162A32293400D72775 /* InfoPlist.strings in Resources */ = {isa = PBXBuildFile; fileRef = B0B0A9182A32293400D72775 /* InfoPlist.strings */; };
		B0D2E0FA2A27B9EE002AC6D9 /* Localizable.strings in Resources */ = {isa = PBXBuildFile; fileRef = B0D2E0FC2A27B9EE002AC6D9 /* Localizable.strings */; };
		B0D6AE0B2A2F630E00660195 /* ViewExtension.swift in Sources */ = {isa = PBXBuildFile; fileRef = B0D6AE0A2A2F630E00660195 /* ViewExtension.swift */; };
		B0D6AE0D2A2F68C300660195 /* AppTheme.swift in Sources */ = {isa = PBXBuildFile; fileRef = B0D6AE0C2A2F68C300660195 /* AppTheme.swift */; };
		B0D6AE152A2F764200660195 /* LocationsView.swift in Sources */ = {isa = PBXBuildFile; fileRef = B0D6AE142A2F764200660195 /* LocationsView.swift */; };
		B0D6AE172A2F764B00660195 /* SettingsView.swift in Sources */ = {isa = PBXBuildFile; fileRef = B0D6AE162A2F764B00660195 /* SettingsView.swift */; };
		B0D6AE192A2F765400660195 /* WeatherView.swift in Sources */ = {isa = PBXBuildFile; fileRef = B0D6AE182A2F765400660195 /* WeatherView.swift */; };
		B0DF7D252A33098600821A43 /* WeatherData.swift in Sources */ = {isa = PBXBuildFile; fileRef = B0DF7D242A33098600821A43 /* WeatherData.swift */; };
		B0DF7D292A331E2000821A43 /* WeatherService.swift in Sources */ = {isa = PBXBuildFile; fileRef = B0DF7D282A331E2000821A43 /* WeatherService.swift */; };
/* End PBXBuildFile section */

/* Begin PBXFileReference section */
		B00782A02A27D11F0037246D /* AppLocale.swift */ = {isa = PBXFileReference; lastKnownFileType = sourcecode.swift; path = AppLocale.swift; sourceTree = "<group>"; };
		B05822A62A2F45BD00C9F7B1 /* 35631-weather-day-scattered-clouds.json */ = {isa = PBXFileReference; fileEncoding = 4; lastKnownFileType = text.json; path = "35631-weather-day-scattered-clouds.json"; sourceTree = "<group>"; };
		B05822A72A2F45BD00C9F7B1 /* 35743-weather-day-snow.json */ = {isa = PBXFileReference; fileEncoding = 4; lastKnownFileType = text.json; path = "35743-weather-day-snow.json"; sourceTree = "<group>"; };
		B05822A82A2F45BD00C9F7B1 /* 35733-weather-day-thunderstorm.json */ = {isa = PBXFileReference; fileEncoding = 4; lastKnownFileType = text.json; path = "35733-weather-day-thunderstorm.json"; sourceTree = "<group>"; };
		B05822A92A2F45BD00C9F7B1 /* 35755-weather-night-thunderstorm.json */ = {isa = PBXFileReference; fileEncoding = 4; lastKnownFileType = text.json; path = "35755-weather-night-thunderstorm.json"; sourceTree = "<group>"; };
		B05822AA2A2F45BD00C9F7B1 /* 35772-weather-night-rain.json */ = {isa = PBXFileReference; fileEncoding = 4; lastKnownFileType = text.json; path = "35772-weather-night-rain.json"; sourceTree = "<group>"; };
		B05822AB2A2F45BD00C9F7B1 /* 35779-weather-night-few-clouds.json */ = {isa = PBXFileReference; fileEncoding = 4; lastKnownFileType = text.json; path = "35779-weather-night-few-clouds.json"; sourceTree = "<group>"; };
		B05822AC2A2F45BD00C9F7B1 /* 35781-weather-night-clear-sky.json */ = {isa = PBXFileReference; fileEncoding = 4; lastKnownFileType = text.json; path = "35781-weather-night-clear-sky.json"; sourceTree = "<group>"; };
		B05822AD2A2F45BD00C9F7B1 /* 35690-weather-day-broken-clouds.json */ = {isa = PBXFileReference; fileEncoding = 4; lastKnownFileType = text.json; path = "35690-weather-day-broken-clouds.json"; sourceTree = "<group>"; };
		B05822AE2A2F45BD00C9F7B1 /* 35752-weather-night-snow.json */ = {isa = PBXFileReference; fileEncoding = 4; lastKnownFileType = text.json; path = "35752-weather-night-snow.json"; sourceTree = "<group>"; };
		B05822AF2A2F45BD00C9F7B1 /* 35775-weather-night-broken-clouds.json */ = {isa = PBXFileReference; fileEncoding = 4; lastKnownFileType = text.json; path = "35775-weather-night-broken-clouds.json"; sourceTree = "<group>"; };
		B05822B02A2F45BD00C9F7B1 /* 35750-weather-night-mist.json */ = {isa = PBXFileReference; fileEncoding = 4; lastKnownFileType = text.json; path = "35750-weather-night-mist.json"; sourceTree = "<group>"; };
		B05822B12A2F45BD00C9F7B1 /* 35630-weather-day-few-clouds.json */ = {isa = PBXFileReference; fileEncoding = 4; lastKnownFileType = text.json; path = "35630-weather-day-few-clouds.json"; sourceTree = "<group>"; };
		B05822B22A2F45BD00C9F7B1 /* 35724-weather-day-rain.json */ = {isa = PBXFileReference; fileEncoding = 4; lastKnownFileType = text.json; path = "35724-weather-day-rain.json"; sourceTree = "<group>"; };
		B05822B32A2F45BD00C9F7B1 /* 35774-weather-night-shower-rains.json */ = {isa = PBXFileReference; fileEncoding = 4; lastKnownFileType = text.json; path = "35774-weather-night-shower-rains.json"; sourceTree = "<group>"; };
		B05822B42A2F45BD00C9F7B1 /* 35749-weather-day-mist.json */ = {isa = PBXFileReference; fileEncoding = 4; lastKnownFileType = text.json; path = "35749-weather-day-mist.json"; sourceTree = "<group>"; };
		B05822B52A2F45BD00C9F7B1 /* 35707-weather-day-shower-rains.json */ = {isa = PBXFileReference; fileEncoding = 4; lastKnownFileType = text.json; path = "35707-weather-day-shower-rains.json"; sourceTree = "<group>"; };
		B05822B62A2F45BD00C9F7B1 /* 35627-weather-day-clear-sky.json */ = {isa = PBXFileReference; fileEncoding = 4; lastKnownFileType = text.json; path = "35627-weather-day-clear-sky.json"; sourceTree = "<group>"; };
		B05822B72A2F45BD00C9F7B1 /* 35778-weather-night-scattered-clouds.json */ = {isa = PBXFileReference; fileEncoding = 4; lastKnownFileType = text.json; path = "35778-weather-night-scattered-clouds.json"; sourceTree = "<group>"; };
		B076B3532A27AD7D00FAB35C /* SwiftUIClima.app */ = {isa = PBXFileReference; explicitFileType = wrapper.application; includeInIndex = 0; path = SwiftUIClima.app; sourceTree = BUILT_PRODUCTS_DIR; };
		B076B3562A27AD7D00FAB35C /* SwiftUIClimaApp.swift */ = {isa = PBXFileReference; lastKnownFileType = sourcecode.swift; path = SwiftUIClimaApp.swift; sourceTree = "<group>"; };
		B076B3582A27AD7D00FAB35C /* ContentView.swift */ = {isa = PBXFileReference; lastKnownFileType = sourcecode.swift; path = ContentView.swift; sourceTree = "<group>"; };
		B076B35A2A27AD7E00FAB35C /* Assets.xcassets */ = {isa = PBXFileReference; lastKnownFileType = folder.assetcatalog; path = Assets.xcassets; sourceTree = "<group>"; };
		B076B35D2A27AD7E00FAB35C /* Preview Assets.xcassets */ = {isa = PBXFileReference; lastKnownFileType = folder.assetcatalog; path = "Preview Assets.xcassets"; sourceTree = "<group>"; };
		B0B0A9102A32115C00D72775 /* LocationManager.swift */ = {isa = PBXFileReference; lastKnownFileType = sourcecode.swift; path = LocationManager.swift; sourceTree = "<group>"; };
		B0B0A9172A32293400D72775 /* en */ = {isa = PBXFileReference; lastKnownFileType = text.plist.strings; name = en; path = en.lproj/InfoPlist.strings; sourceTree = "<group>"; };
		B0B0A9192A32293800D72775 /* it */ = {isa = PBXFileReference; lastKnownFileType = text.plist.strings; name = it; path = it.lproj/InfoPlist.strings; sourceTree = "<group>"; };
		B0D2E0FB2A27B9EE002AC6D9 /* en */ = {isa = PBXFileReference; lastKnownFileType = text.plist.strings; name = en; path = en.lproj/Localizable.strings; sourceTree = "<group>"; };
		B0D2E0FD2A27B9F2002AC6D9 /* it */ = {isa = PBXFileReference; lastKnownFileType = text.plist.strings; name = it; path = it.lproj/Localizable.strings; sourceTree = "<group>"; };
		B0D6AE0A2A2F630E00660195 /* ViewExtension.swift */ = {isa = PBXFileReference; lastKnownFileType = sourcecode.swift; path = ViewExtension.swift; sourceTree = "<group>"; };
		B0D6AE0C2A2F68C300660195 /* AppTheme.swift */ = {isa = PBXFileReference; lastKnownFileType = sourcecode.swift; path = AppTheme.swift; sourceTree = "<group>"; };
		B0D6AE142A2F764200660195 /* LocationsView.swift */ = {isa = PBXFileReference; lastKnownFileType = sourcecode.swift; path = LocationsView.swift; sourceTree = "<group>"; };
		B0D6AE162A2F764B00660195 /* SettingsView.swift */ = {isa = PBXFileReference; lastKnownFileType = sourcecode.swift; path = SettingsView.swift; sourceTree = "<group>"; };
		B0D6AE182A2F765400660195 /* WeatherView.swift */ = {isa = PBXFileReference; lastKnownFileType = sourcecode.swift; path = WeatherView.swift; sourceTree = "<group>"; };
		B0DF7D242A33098600821A43 /* WeatherData.swift */ = {isa = PBXFileReference; lastKnownFileType = sourcecode.swift; path = WeatherData.swift; sourceTree = "<group>"; };
		B0DF7D282A331E2000821A43 /* WeatherService.swift */ = {isa = PBXFileReference; lastKnownFileType = sourcecode.swift; path = WeatherService.swift; sourceTree = "<group>"; };
/* End PBXFileReference section */

/* Begin PBXFrameworksBuildPhase section */
		B076B3502A27AD7D00FAB35C /* Frameworks */ = {
			isa = PBXFrameworksBuildPhase;
			buildActionMask = 2147483647;
			files = (
				B05822A42A2F449300C9F7B1 /* Lottie in Frameworks */,
			);
			runOnlyForDeploymentPostprocessing = 0;
		};
/* End PBXFrameworksBuildPhase section */

/* Begin PBXGroup section */
		B00782A22A27D4D80037246D /* Components */ = {
			isa = PBXGroup;
			children = (
			);
			path = Components;
			sourceTree = "<group>";
		};
		B03475F32A27B51C0030286B /* Resource */ = {
			isa = PBXGroup;
			children = (
				B0B0A9132A32290400D72775 /* Locale */,
				B05822A52A2F459300C9F7B1 /* Lottie */,
			);
			path = Resource;
			sourceTree = "<group>";
		};
		B03475F42A27B60B0030286B /* App */ = {
			isa = PBXGroup;
			children = (
				B076B3562A27AD7D00FAB35C /* SwiftUIClimaApp.swift */,
			);
			path = App;
			sourceTree = "<group>";
		};
		B03475F52A27B6160030286B /* Core */ = {
			isa = PBXGroup;
			children = (
				B0D6AE112A2F739000660195 /* Locations */,
				B03475F62A27B61F0030286B /* Root */,
				B0D6AE132A2F73A500660195 /* Settings */,
				B0D6AE122A2F739B00660195 /* Weather */,
			);
			path = Core;
			sourceTree = "<group>";
		};
		B03475F62A27B61F0030286B /* Root */ = {
			isa = PBXGroup;
			children = (
				B076B3582A27AD7D00FAB35C /* ContentView.swift */,
			);
			path = Root;
			sourceTree = "<group>";
		};
		B03475F72A27B62B0030286B /* Model */ = {
			isa = PBXGroup;
			children = (
				B00782A02A27D11F0037246D /* AppLocale.swift */,
				B0D6AE0C2A2F68C300660195 /* AppTheme.swift */,
				B0DF7D242A33098600821A43 /* WeatherData.swift */,
			);
			path = Model;
			sourceTree = "<group>";
		};
		B03475FA2A27B6AB0030286B /* Service */ = {
			isa = PBXGroup;
			children = (
				B0DF7D282A331E2000821A43 /* WeatherService.swift */,
			);
			path = Service;
			sourceTree = "<group>";
		};
		B05822A52A2F459300C9F7B1 /* Lottie */ = {
			isa = PBXGroup;
			children = (
				B05822B62A2F45BD00C9F7B1 /* 35627-weather-day-clear-sky.json */,
				B05822B12A2F45BD00C9F7B1 /* 35630-weather-day-few-clouds.json */,
				B05822A62A2F45BD00C9F7B1 /* 35631-weather-day-scattered-clouds.json */,
				B05822AD2A2F45BD00C9F7B1 /* 35690-weather-day-broken-clouds.json */,
				B05822B52A2F45BD00C9F7B1 /* 35707-weather-day-shower-rains.json */,
				B05822B22A2F45BD00C9F7B1 /* 35724-weather-day-rain.json */,
				B05822A82A2F45BD00C9F7B1 /* 35733-weather-day-thunderstorm.json */,
				B05822A72A2F45BD00C9F7B1 /* 35743-weather-day-snow.json */,
				B05822B42A2F45BD00C9F7B1 /* 35749-weather-day-mist.json */,
				B05822B02A2F45BD00C9F7B1 /* 35750-weather-night-mist.json */,
				B05822AE2A2F45BD00C9F7B1 /* 35752-weather-night-snow.json */,
				B05822A92A2F45BD00C9F7B1 /* 35755-weather-night-thunderstorm.json */,
				B05822AA2A2F45BD00C9F7B1 /* 35772-weather-night-rain.json */,
				B05822B32A2F45BD00C9F7B1 /* 35774-weather-night-shower-rains.json */,
				B05822AF2A2F45BD00C9F7B1 /* 35775-weather-night-broken-clouds.json */,
				B05822B72A2F45BD00C9F7B1 /* 35778-weather-night-scattered-clouds.json */,
				B05822AB2A2F45BD00C9F7B1 /* 35779-weather-night-few-clouds.json */,
				B05822AC2A2F45BD00C9F7B1 /* 35781-weather-night-clear-sky.json */,
			);
			path = Lottie;
			sourceTree = "<group>";
		};
		B076B34A2A27AD7D00FAB35C = {
			isa = PBXGroup;
			children = (
				B076B3552A27AD7D00FAB35C /* SwiftUIClima */,
				B076B3542A27AD7D00FAB35C /* Products */,
			);
			sourceTree = "<group>";
		};
		B076B3542A27AD7D00FAB35C /* Products */ = {
			isa = PBXGroup;
			children = (
				B076B3532A27AD7D00FAB35C /* SwiftUIClima.app */,
			);
			name = Products;
			sourceTree = "<group>";
		};
		B076B3552A27AD7D00FAB35C /* SwiftUIClima */ = {
			isa = PBXGroup;
			children = (
				B03475F42A27B60B0030286B /* App */,
				B00782A22A27D4D80037246D /* Components */,
				B03475F52A27B6160030286B /* Core */,
				B0D6AE092A2F62EF00660195 /* Extension */,
				B0B0A90F2A32113900D72775 /* Manager */,
				B03475F72A27B62B0030286B /* Model */,
				B03475F32A27B51C0030286B /* Resource */,
				B03475FA2A27B6AB0030286B /* Service */,
				B076B35A2A27AD7E00FAB35C /* Assets.xcassets */,
				B076B35C2A27AD7E00FAB35C /* Preview Content */,
			);
			path = SwiftUIClima;
			sourceTree = "<group>";
		};
		B076B35C2A27AD7E00FAB35C /* Preview Content */ = {
			isa = PBXGroup;
			children = (
				B076B35D2A27AD7E00FAB35C /* Preview Assets.xcassets */,
			);
			path = "Preview Content";
			sourceTree = "<group>";
		};
		B0B0A90F2A32113900D72775 /* Manager */ = {
			isa = PBXGroup;
			children = (
				B0B0A9102A32115C00D72775 /* LocationManager.swift */,
			);
			path = Manager;
			sourceTree = "<group>";
		};
		B0B0A9132A32290400D72775 /* Locale */ = {
			isa = PBXGroup;
			children = (
				B0D2E0FC2A27B9EE002AC6D9 /* Localizable.strings */,
				B0B0A9182A32293400D72775 /* InfoPlist.strings */,
			);
			path = Locale;
			sourceTree = "<group>";
		};
		B0D6AE092A2F62EF00660195 /* Extension */ = {
			isa = PBXGroup;
			children = (
				B0D6AE0A2A2F630E00660195 /* ViewExtension.swift */,
			);
			path = Extension;
			sourceTree = "<group>";
		};
		B0D6AE112A2F739000660195 /* Locations */ = {
			isa = PBXGroup;
			children = (
				B0D6AE142A2F764200660195 /* LocationsView.swift */,
			);
			path = Locations;
			sourceTree = "<group>";
		};
		B0D6AE122A2F739B00660195 /* Weather */ = {
			isa = PBXGroup;
			children = (
				B0D6AE182A2F765400660195 /* WeatherView.swift */,
			);
			path = Weather;
			sourceTree = "<group>";
		};
		B0D6AE132A2F73A500660195 /* Settings */ = {
			isa = PBXGroup;
			children = (
				B0D6AE162A2F764B00660195 /* SettingsView.swift */,
			);
			path = Settings;
			sourceTree = "<group>";
		};
/* End PBXGroup section */

/* Begin PBXNativeTarget section */
		B076B3522A27AD7D00FAB35C /* SwiftUIClima */ = {
			isa = PBXNativeTarget;
			buildConfigurationList = B076B3612A27AD7E00FAB35C /* Build configuration list for PBXNativeTarget "SwiftUIClima" */;
			buildPhases = (
				B076B34F2A27AD7D00FAB35C /* Sources */,
				B076B3502A27AD7D00FAB35C /* Frameworks */,
				B076B3512A27AD7D00FAB35C /* Resources */,
			);
			buildRules = (
			);
			dependencies = (
			);
			name = SwiftUIClima;
			packageProductDependencies = (
				B05822A32A2F449300C9F7B1 /* Lottie */,
			);
			productName = SwiftUIClima;
			productReference = B076B3532A27AD7D00FAB35C /* SwiftUIClima.app */;
			productType = "com.apple.product-type.application";
		};
/* End PBXNativeTarget section */

/* Begin PBXProject section */
		B076B34B2A27AD7D00FAB35C /* Project object */ = {
			isa = PBXProject;
			attributes = {
				BuildIndependentTargetsInParallel = 1;
				LastSwiftUpdateCheck = 1430;
				LastUpgradeCheck = 1430;
				TargetAttributes = {
					B076B3522A27AD7D00FAB35C = {
						CreatedOnToolsVersion = 14.3;
					};
				};
			};
			buildConfigurationList = B076B34E2A27AD7D00FAB35C /* Build configuration list for PBXProject "SwiftUIClima" */;
			compatibilityVersion = "Xcode 14.0";
			developmentRegion = en;
			hasScannedForEncodings = 0;
			knownRegions = (
				en,
				it,
			);
			mainGroup = B076B34A2A27AD7D00FAB35C;
			packageReferences = (
				B05822A22A2F449300C9F7B1 /* XCRemoteSwiftPackageReference "lottie-ios" */,
			);
			productRefGroup = B076B3542A27AD7D00FAB35C /* Products */;
			projectDirPath = "";
			projectRoot = "";
			targets = (
				B076B3522A27AD7D00FAB35C /* SwiftUIClima */,
			);
		};
/* End PBXProject section */

/* Begin PBXResourcesBuildPhase section */
		B076B3512A27AD7D00FAB35C /* Resources */ = {
			isa = PBXResourcesBuildPhase;
			buildActionMask = 2147483647;
			files = (
				B05822BC2A2F45BD00C9F7B1 /* 35772-weather-night-rain.json in Resources */,
				B05822C62A2F45BD00C9F7B1 /* 35749-weather-day-mist.json in Resources */,
				B05822C22A2F45BD00C9F7B1 /* 35750-weather-night-mist.json in Resources */,
				B05822C32A2F45BD00C9F7B1 /* 35630-weather-day-few-clouds.json in Resources */,
				B05822BA2A2F45BD00C9F7B1 /* 35733-weather-day-thunderstorm.json in Resources */,
				B05822BE2A2F45BD00C9F7B1 /* 35781-weather-night-clear-sky.json in Resources */,
				B05822C82A2F45BD00C9F7B1 /* 35627-weather-day-clear-sky.json in Resources */,
				B05822BD2A2F45BD00C9F7B1 /* 35779-weather-night-few-clouds.json in Resources */,
				B05822BB2A2F45BD00C9F7B1 /* 35755-weather-night-thunderstorm.json in Resources */,
				B0B0A9162A32293400D72775 /* InfoPlist.strings in Resources */,
				B05822C42A2F45BD00C9F7B1 /* 35724-weather-day-rain.json in Resources */,
				B05822B82A2F45BD00C9F7B1 /* 35631-weather-day-scattered-clouds.json in Resources */,
				B076B35E2A27AD7E00FAB35C /* Preview Assets.xcassets in Resources */,
				B05822C02A2F45BD00C9F7B1 /* 35752-weather-night-snow.json in Resources */,
				B05822C72A2F45BD00C9F7B1 /* 35707-weather-day-shower-rains.json in Resources */,
				B05822BF2A2F45BD00C9F7B1 /* 35690-weather-day-broken-clouds.json in Resources */,
				B05822C12A2F45BD00C9F7B1 /* 35775-weather-night-broken-clouds.json in Resources */,
				B05822C52A2F45BD00C9F7B1 /* 35774-weather-night-shower-rains.json in Resources */,
				B05822B92A2F45BD00C9F7B1 /* 35743-weather-day-snow.json in Resources */,
				B0D2E0FA2A27B9EE002AC6D9 /* Localizable.strings in Resources */,
				B076B35B2A27AD7E00FAB35C /* Assets.xcassets in Resources */,
				B05822C92A2F45BD00C9F7B1 /* 35778-weather-night-scattered-clouds.json in Resources */,
			);
			runOnlyForDeploymentPostprocessing = 0;
		};
/* End PBXResourcesBuildPhase section */

/* Begin PBXSourcesBuildPhase section */
		B076B34F2A27AD7D00FAB35C /* Sources */ = {
			isa = PBXSourcesBuildPhase;
			buildActionMask = 2147483647;
			files = (
				B0D6AE172A2F764B00660195 /* SettingsView.swift in Sources */,
				B00782A12A27D11F0037246D /* AppLocale.swift in Sources */,
				B0DF7D292A331E2000821A43 /* WeatherService.swift in Sources */,
				B076B3592A27AD7D00FAB35C /* ContentView.swift in Sources */,
				B0D6AE0B2A2F630E00660195 /* ViewExtension.swift in Sources */,
				B0D6AE152A2F764200660195 /* LocationsView.swift in Sources */,
				B076B3572A27AD7D00FAB35C /* SwiftUIClimaApp.swift in Sources */,
				B0DF7D252A33098600821A43 /* WeatherData.swift in Sources */,
				B0D6AE0D2A2F68C300660195 /* AppTheme.swift in Sources */,
				B0D6AE192A2F765400660195 /* WeatherView.swift in Sources */,
				B0B0A9112A32115C00D72775 /* LocationManager.swift in Sources */,
			);
			runOnlyForDeploymentPostprocessing = 0;
		};
/* End PBXSourcesBuildPhase section */

/* Begin PBXVariantGroup section */
		B0B0A9182A32293400D72775 /* InfoPlist.strings */ = {
			isa = PBXVariantGroup;
			children = (
				B0B0A9172A32293400D72775 /* en */,
				B0B0A9192A32293800D72775 /* it */,
			);
			name = InfoPlist.strings;
			sourceTree = "<group>";
		};
		B0D2E0FC2A27B9EE002AC6D9 /* Localizable.strings */ = {
			isa = PBXVariantGroup;
			children = (
				B0D2E0FB2A27B9EE002AC6D9 /* en */,
				B0D2E0FD2A27B9F2002AC6D9 /* it */,
			);
			name = Localizable.strings;
			sourceTree = "<group>";
		};
/* End PBXVariantGroup section */

/* Begin XCBuildConfiguration section */
		B076B35F2A27AD7E00FAB35C /* Debug */ = {
			isa = XCBuildConfiguration;
			buildSettings = {
				ALWAYS_SEARCH_USER_PATHS = NO;
				CLANG_ANALYZER_NONNULL = YES;
				CLANG_ANALYZER_NUMBER_OBJECT_CONVERSION = YES_AGGRESSIVE;
				CLANG_CXX_LANGUAGE_STANDARD = "gnu++20";
				CLANG_ENABLE_MODULES = YES;
				CLANG_ENABLE_OBJC_ARC = YES;
				CLANG_ENABLE_OBJC_WEAK = YES;
				CLANG_WARN_BLOCK_CAPTURE_AUTORELEASING = YES;
				CLANG_WARN_BOOL_CONVERSION = YES;
				CLANG_WARN_COMMA = YES;
				CLANG_WARN_CONSTANT_CONVERSION = YES;
				CLANG_WARN_DEPRECATED_OBJC_IMPLEMENTATIONS = YES;
				CLANG_WARN_DIRECT_OBJC_ISA_USAGE = YES_ERROR;
				CLANG_WARN_DOCUMENTATION_COMMENTS = YES;
				CLANG_WARN_EMPTY_BODY = YES;
				CLANG_WARN_ENUM_CONVERSION = YES;
				CLANG_WARN_INFINITE_RECURSION = YES;
				CLANG_WARN_INT_CONVERSION = YES;
				CLANG_WARN_NON_LITERAL_NULL_CONVERSION = YES;
				CLANG_WARN_OBJC_IMPLICIT_RETAIN_SELF = YES;
				CLANG_WARN_OBJC_LITERAL_CONVERSION = YES;
				CLANG_WARN_OBJC_ROOT_CLASS = YES_ERROR;
				CLANG_WARN_QUOTED_INCLUDE_IN_FRAMEWORK_HEADER = YES;
				CLANG_WARN_RANGE_LOOP_ANALYSIS = YES;
				CLANG_WARN_STRICT_PROTOTYPES = YES;
				CLANG_WARN_SUSPICIOUS_MOVE = YES;
				CLANG_WARN_UNGUARDED_AVAILABILITY = YES_AGGRESSIVE;
				CLANG_WARN_UNREACHABLE_CODE = YES;
				CLANG_WARN__DUPLICATE_METHOD_MATCH = YES;
				COPY_PHASE_STRIP = NO;
				DEBUG_INFORMATION_FORMAT = dwarf;
				ENABLE_STRICT_OBJC_MSGSEND = YES;
				ENABLE_TESTABILITY = YES;
				GCC_C_LANGUAGE_STANDARD = gnu11;
				GCC_DYNAMIC_NO_PIC = NO;
				GCC_NO_COMMON_BLOCKS = YES;
				GCC_OPTIMIZATION_LEVEL = 0;
				GCC_PREPROCESSOR_DEFINITIONS = (
					"DEBUG=1",
					"$(inherited)",
				);
				GCC_WARN_64_TO_32_BIT_CONVERSION = YES;
				GCC_WARN_ABOUT_RETURN_TYPE = YES_ERROR;
				GCC_WARN_UNDECLARED_SELECTOR = YES;
				GCC_WARN_UNINITIALIZED_AUTOS = YES_AGGRESSIVE;
				GCC_WARN_UNUSED_FUNCTION = YES;
				GCC_WARN_UNUSED_VARIABLE = YES;
				IPHONEOS_DEPLOYMENT_TARGET = 16.4;
				MTL_ENABLE_DEBUG_INFO = INCLUDE_SOURCE;
				MTL_FAST_MATH = YES;
				ONLY_ACTIVE_ARCH = YES;
				SDKROOT = iphoneos;
				SWIFT_ACTIVE_COMPILATION_CONDITIONS = DEBUG;
				SWIFT_OPTIMIZATION_LEVEL = "-Onone";
			};
			name = Debug;
		};
		B076B3602A27AD7E00FAB35C /* Release */ = {
			isa = XCBuildConfiguration;
			buildSettings = {
				ALWAYS_SEARCH_USER_PATHS = NO;
				CLANG_ANALYZER_NONNULL = YES;
				CLANG_ANALYZER_NUMBER_OBJECT_CONVERSION = YES_AGGRESSIVE;
				CLANG_CXX_LANGUAGE_STANDARD = "gnu++20";
				CLANG_ENABLE_MODULES = YES;
				CLANG_ENABLE_OBJC_ARC = YES;
				CLANG_ENABLE_OBJC_WEAK = YES;
				CLANG_WARN_BLOCK_CAPTURE_AUTORELEASING = YES;
				CLANG_WARN_BOOL_CONVERSION = YES;
				CLANG_WARN_COMMA = YES;
				CLANG_WARN_CONSTANT_CONVERSION = YES;
				CLANG_WARN_DEPRECATED_OBJC_IMPLEMENTATIONS = YES;
				CLANG_WARN_DIRECT_OBJC_ISA_USAGE = YES_ERROR;
				CLANG_WARN_DOCUMENTATION_COMMENTS = YES;
				CLANG_WARN_EMPTY_BODY = YES;
				CLANG_WARN_ENUM_CONVERSION = YES;
				CLANG_WARN_INFINITE_RECURSION = YES;
				CLANG_WARN_INT_CONVERSION = YES;
				CLANG_WARN_NON_LITERAL_NULL_CONVERSION = YES;
				CLANG_WARN_OBJC_IMPLICIT_RETAIN_SELF = YES;
				CLANG_WARN_OBJC_LITERAL_CONVERSION = YES;
				CLANG_WARN_OBJC_ROOT_CLASS = YES_ERROR;
				CLANG_WARN_QUOTED_INCLUDE_IN_FRAMEWORK_HEADER = YES;
				CLANG_WARN_RANGE_LOOP_ANALYSIS = YES;
				CLANG_WARN_STRICT_PROTOTYPES = YES;
				CLANG_WARN_SUSPICIOUS_MOVE = YES;
				CLANG_WARN_UNGUARDED_AVAILABILITY = YES_AGGRESSIVE;
				CLANG_WARN_UNREACHABLE_CODE = YES;
				CLANG_WARN__DUPLICATE_METHOD_MATCH = YES;
				COPY_PHASE_STRIP = NO;
				DEBUG_INFORMATION_FORMAT = "dwarf-with-dsym";
				ENABLE_NS_ASSERTIONS = NO;
				ENABLE_STRICT_OBJC_MSGSEND = YES;
				GCC_C_LANGUAGE_STANDARD = gnu11;
				GCC_NO_COMMON_BLOCKS = YES;
				GCC_WARN_64_TO_32_BIT_CONVERSION = YES;
				GCC_WARN_ABOUT_RETURN_TYPE = YES_ERROR;
				GCC_WARN_UNDECLARED_SELECTOR = YES;
				GCC_WARN_UNINITIALIZED_AUTOS = YES_AGGRESSIVE;
				GCC_WARN_UNUSED_FUNCTION = YES;
				GCC_WARN_UNUSED_VARIABLE = YES;
				IPHONEOS_DEPLOYMENT_TARGET = 16.4;
				MTL_ENABLE_DEBUG_INFO = NO;
				MTL_FAST_MATH = YES;
				SDKROOT = iphoneos;
				SWIFT_COMPILATION_MODE = wholemodule;
				SWIFT_OPTIMIZATION_LEVEL = "-O";
				VALIDATE_PRODUCT = YES;
			};
			name = Release;
		};
		B076B3622A27AD7E00FAB35C /* Debug */ = {
			isa = XCBuildConfiguration;
			buildSettings = {
				ASSETCATALOG_COMPILER_APPICON_NAME = AppIcon;
				ASSETCATALOG_COMPILER_GLOBAL_ACCENT_COLOR_NAME = AccentColor;
				CODE_SIGN_STYLE = Automatic;
				CURRENT_PROJECT_VERSION = 1;
				DEVELOPMENT_ASSET_PATHS = "\"SwiftUIClima/Preview Content\"";
				DEVELOPMENT_TEAM = YYLHLGYA35;
				ENABLE_PREVIEWS = YES;
				GENERATE_INFOPLIST_FILE = YES;
				INFOPLIST_FILE = SwiftUIClima/Info.plist;
				INFOPLIST_KEY_NSLocationWhenInUseUsageDescription = NSLocationWhenInUseUsageDescription;
				INFOPLIST_KEY_UIApplicationSceneManifest_Generation = YES;
				INFOPLIST_KEY_UIApplicationSupportsIndirectInputEvents = YES;
				INFOPLIST_KEY_UILaunchScreen_Generation = YES;
				INFOPLIST_KEY_UISupportedInterfaceOrientations = UIInterfaceOrientationPortrait;
				INFOPLIST_KEY_UISupportedInterfaceOrientations_iPad = "UIInterfaceOrientationLandscapeLeft UIInterfaceOrientationLandscapeRight UIInterfaceOrientationPortrait UIInterfaceOrientationPortraitUpsideDown";
				LD_RUNPATH_SEARCH_PATHS = (
					"$(inherited)",
					"@executable_path/Frameworks",
				);
				MARKETING_VERSION = 1.0;
				PRODUCT_BUNDLE_IDENTIFIER = me.antoniocasto.SwiftUIClima;
				PRODUCT_NAME = "$(TARGET_NAME)";
				SUPPORTED_PLATFORMS = "iphoneos iphonesimulator";
				SUPPORTS_MACCATALYST = NO;
				SUPPORTS_MAC_DESIGNED_FOR_IPHONE_IPAD = NO;
				SWIFT_EMIT_LOC_STRINGS = YES;
				SWIFT_VERSION = 5.0;
				TARGETED_DEVICE_FAMILY = 1;
			};
			name = Debug;
		};
		B076B3632A27AD7E00FAB35C /* Release */ = {
			isa = XCBuildConfiguration;
			buildSettings = {
				ASSETCATALOG_COMPILER_APPICON_NAME = AppIcon;
				ASSETCATALOG_COMPILER_GLOBAL_ACCENT_COLOR_NAME = AccentColor;
				CODE_SIGN_STYLE = Automatic;
				CURRENT_PROJECT_VERSION = 1;
				DEVELOPMENT_ASSET_PATHS = "\"SwiftUIClima/Preview Content\"";
				DEVELOPMENT_TEAM = YYLHLGYA35;
				ENABLE_PREVIEWS = YES;
				GENERATE_INFOPLIST_FILE = YES;
				INFOPLIST_FILE = SwiftUIClima/Info.plist;
				INFOPLIST_KEY_NSLocationWhenInUseUsageDescription = NSLocationWhenInUseUsageDescription;
				INFOPLIST_KEY_UIApplicationSceneManifest_Generation = YES;
				INFOPLIST_KEY_UIApplicationSupportsIndirectInputEvents = YES;
				INFOPLIST_KEY_UILaunchScreen_Generation = YES;
				INFOPLIST_KEY_UISupportedInterfaceOrientations = UIInterfaceOrientationPortrait;
				INFOPLIST_KEY_UISupportedInterfaceOrientations_iPad = "UIInterfaceOrientationLandscapeLeft UIInterfaceOrientationLandscapeRight UIInterfaceOrientationPortrait UIInterfaceOrientationPortraitUpsideDown";
				LD_RUNPATH_SEARCH_PATHS = (
					"$(inherited)",
					"@executable_path/Frameworks",
				);
				MARKETING_VERSION = 1.0;
				PRODUCT_BUNDLE_IDENTIFIER = me.antoniocasto.SwiftUIClima;
				PRODUCT_NAME = "$(TARGET_NAME)";
				SUPPORTED_PLATFORMS = "iphoneos iphonesimulator";
				SUPPORTS_MACCATALYST = NO;
				SUPPORTS_MAC_DESIGNED_FOR_IPHONE_IPAD = NO;
				SWIFT_EMIT_LOC_STRINGS = YES;
				SWIFT_VERSION = 5.0;
				TARGETED_DEVICE_FAMILY = 1;
			};
			name = Release;
		};
/* End XCBuildConfiguration section */

/* Begin XCConfigurationList section */
		B076B34E2A27AD7D00FAB35C /* Build configuration list for PBXProject "SwiftUIClima" */ = {
			isa = XCConfigurationList;
			buildConfigurations = (
				B076B35F2A27AD7E00FAB35C /* Debug */,
				B076B3602A27AD7E00FAB35C /* Release */,
			);
			defaultConfigurationIsVisible = 0;
			defaultConfigurationName = Release;
		};
		B076B3612A27AD7E00FAB35C /* Build configuration list for PBXNativeTarget "SwiftUIClima" */ = {
			isa = XCConfigurationList;
			buildConfigurations = (
				B076B3622A27AD7E00FAB35C /* Debug */,
				B076B3632A27AD7E00FAB35C /* Release */,
			);
			defaultConfigurationIsVisible = 0;
			defaultConfigurationName = Release;
		};
/* End XCConfigurationList section */

/* Begin XCRemoteSwiftPackageReference section */
		B05822A22A2F449300C9F7B1 /* XCRemoteSwiftPackageReference "lottie-ios" */ = {
			isa = XCRemoteSwiftPackageReference;
			repositoryURL = "https://github.com/airbnb/lottie-ios";
			requirement = {
				kind = upToNextMajorVersion;
				minimumVersion = 4.0.0;
			};
		};
/* End XCRemoteSwiftPackageReference section */

/* Begin XCSwiftPackageProductDependency section */
		B05822A32A2F449300C9F7B1 /* Lottie */ = {
			isa = XCSwiftPackageProductDependency;
			package = B05822A22A2F449300C9F7B1 /* XCRemoteSwiftPackageReference "lottie-ios" */;
			productName = Lottie;
		};
/* End XCSwiftPackageProductDependency section */
	};
	rootObject = B076B34B2A27AD7D00FAB35C /* Project object */;
}
